
Microsoft Visual Studio Solution File, Format Version 12.00
# Visual Studio 15
VisualStudioVersion = 15.0.28307.438
MinimumVisualStudioVersion = 10.0.40219.1
Project("{8BC9CEB8-8B4A-11D0-8D11-00A0C91BC942}") = "ConsoleApplication68", "ConsoleApplication68\ConsoleApplication68.vcxproj", "{C03D2D3B-EFB6-4284-ACB1-062EB7212EE8}"
EndProject
Global
	GlobalSection(SolutionConfigurationPlatforms) = preSolution
		Debug|x64 = Debug|x64
		Debug|x86 = Debug|x86
		Release|x64 = Release|x64
		Release|x86 = Release|x86
	EndGlobalSection
	GlobalSection(ProjectConfigurationPlatforms) = postSolution
		{C03D2D3B-EFB6-4284-ACB1-062EB7212EE8}.Debug|x64.ActiveCfg = Debug|x64
		{C03D2D3B-EFB6-4284-ACB1-062EB7212EE8}.Debug|x64.Build.0 = Debug|x64
		{C03D2D3B-EFB6-4284-ACB1-062EB7212EE8}.Debug|x86.ActiveCfg = Debug|Win32
		{C03D2D3B-EFB6-4284-ACB1-062EB7212EE8}.Debug|x86.Build.0 = Debug|Win32
		{C03D2D3B-EFB6-4284-ACB1-062EB7212EE8}.Release|x64.ActiveCfg = Release|x64
		{C03D2D3B-EFB6-4284-ACB1-062EB7212EE8}.Release|x64.Build.0 = Release|x64
		{C03D2D3B-EFB6-4284-ACB1-062EB7212EE8}.Release|x86.ActiveCfg = Release|Win32
		{C03D2D3B-EFB6-4284-ACB1-062EB7212EE8}.Release|x86.Build.0 = Release|Win32
	EndGlobalSection
	GlobalSection(SolutionProperties) = preSolution
		HideSolutionNode = FALSE
	EndGlobalSection
	GlobalSection(ExtensibilityGlobals) = postSolution
		SolutionGuid = {8BD11559-2DF1-434D-828D-0E7AFC0F9B9C}
	EndGlobalSection
EndGlobal
